PODS:
  - Alamofire (4.7.3)
  - CHIPageControl (0.1.8):
    - CHIPageControl/Aji (= 0.1.8)
    - CHIPageControl/Aleppo (= 0.1.8)
    - CHIPageControl/Chimayo (= 0.1.8)
    - CHIPageControl/Fresno (= 0.1.8)
    - CHIPageControl/Jalapeno (= 0.1.8)
    - CHIPageControl/Jaloro (= 0.1.8)
    - CHIPageControl/Paprika (= 0.1.8)
    - CHIPageControl/Puya (= 0.1.8)
  - CHIPageControl/Aji (0.1.8)
  - CHIPageControl/Aleppo (0.1.8)
  - CHIPageControl/Chimayo (0.1.8)
  - CHIPageControl/Fresno (0.1.8)
  - CHIPageControl/Jalapeno (0.1.8)
  - CHIPageControl/Jaloro (0.1.8)
  - CHIPageControl/Paprika (0.1.8)
  - CHIPageControl/Puya (0.1.8)
  - Crashlytics (3.10.9):
    - Fabric (~> 1.7.13)
  - DatePickerDialog (3.0)
  - DLRadioButton (1.4.12)
  - EasyTipView (2.0.4)
  - Fabric (1.7.13)
  - FacebookCore (0.9.0):
    - FBSDKCoreKit (~> 5.0)
  - FacebookLogin (0.9.0):
    - FacebookCore (~> 0.9.0)
    - FBSDKCoreKit (~> 5.0)
    - FBSDKLoginKit (~> 5.0)
  - FBSDKCoreKit (5.8.0):
    - FBSDKCoreKit/Basics (= 5.8.0)
    - FBSDKCoreKit/Core (= 5.8.0)
  - FBSDKCoreKit/Basics (5.8.0)
  - FBSDKCoreKit/Core (5.8.0):
    - FBSDKCoreKit/Basics
  - FBSDKLoginKit (5.8.0):
    - FBSDKLoginKit/Login (= 5.8.0)
  - FBSDKLoginKit/Login (5.8.0):
    - FBSDKCoreKit (~> 5.0)
  - Firebase/Auth (4.13.0):
    - Firebase/Core
    - FirebaseAuth (= 4.6.1)
  - Firebase/Core (4.13.0):
    - FirebaseAnalytics (= 4.2.0)
    - FirebaseCore (= 4.0.20)
  - Firebase/Database (4.13.0):
    - Firebase/Core
    - FirebaseDatabase (= 4.1.5)
  - Firebase/Messaging (4.13.0):
    - Firebase/Core
    - FirebaseMessaging (= 2.2.0)
  - Firebase/Storage (4.13.0):
    - Firebase/Core
    - FirebaseStorage (= 2.2.0)
  - FirebaseAnalytics (4.2.0):
    - FirebaseCore (~> 4.0)
    - FirebaseInstanceID (~> 2.0)
    - "GoogleToolboxForMac/NSData+zlib (~> 2.1)"
    - nanopb (~> 0.3)
  - FirebaseAuth (4.6.1):
    - FirebaseAnalytics (~> 4.2)
    - "GoogleToolboxForMac/NSDictionary+URLArguments (~> 2.1)"
    - GTMSessionFetcher/Core (~> 1.1)
  - FirebaseCore (4.0.20):
    - "GoogleToolboxForMac/NSData+zlib (~> 2.1)"
  - FirebaseDatabase (4.1.5):
    - FirebaseAnalytics (~> 4.1)
    - FirebaseCore (~> 4.0)
    - leveldb-library (~> 1.18)
  - FirebaseInstanceID (2.0.10):
    - FirebaseCore (~> 4.0)
  - FirebaseMessaging (2.2.0):
    - FirebaseAnalytics (~> 4.1)
    - FirebaseCore (~> 4.0)
    - FirebaseInstanceID (~> 2.0)
    - GoogleToolboxForMac/Logger (~> 2.1)
    - Protobuf (~> 3.5)
  - FirebaseStorage (2.2.0):
    - FirebaseAnalytics (~> 4.1)
    - FirebaseCore (~> 4.0)
    - GTMSessionFetcher/Core (~> 1.1)
  - GoogleMaps/Base (2.6.0)
  - GooglePlaces (2.6.0):
    - GoogleMaps/Base (= 2.6.0)
  - GoogleToolboxForMac/DebugUtils (2.2.1):
    - GoogleToolboxForMac/Defines (= 2.2.1)
  - GoogleToolboxForMac/Defines (2.2.1)
  - GoogleToolboxForMac/Logger (2.2.1):
    - GoogleToolboxForMac/Defines (= 2.2.1)
  - "GoogleToolboxForMac/NSData+zlib (2.2.1)":
    - GoogleToolboxForMac/Defines (= 2.2.1)
  - "GoogleToolboxForMac/NSDictionary+URLArguments (2.2.1)":
    - GoogleToolboxForMac/DebugUtils (= 2.2.1)
    - GoogleToolboxForMac/Defines (= 2.2.1)
    - "GoogleToolboxForMac/NSString+URLArguments (= 2.2.1)"
  - "GoogleToolboxForMac/NSString+URLArguments (2.2.1)"
  - GTMSessionFetcher/Core (1.2.2)
  - IQKeyboardManager (5.0.8)
  - JHTAlertController (0.2.4)
  - JSQMessagesViewController (7.3.5):
    - JSQSystemSoundPlayer (~> 2.0.1)
  - JSQSystemSoundPlayer (2.0.1)
  - leveldb-library (1.22)
  - libwebp (0.6.1):
    - libwebp/core (= 0.6.1)
    - libwebp/dec (= 0.6.1)
    - libwebp/demux (= 0.6.1)
    - libwebp/dsp (= 0.6.1)
    - libwebp/enc (= 0.6.1)
    - libwebp/mux (= 0.6.1)
    - libwebp/utils (= 0.6.1)
    - libwebp/webp (= 0.6.1)
  - libwebp/core (0.6.1):
    - libwebp/webp
  - libwebp/dec (0.6.1):
    - libwebp/core
  - libwebp/demux (0.6.1):
    - libwebp/core
  - libwebp/dsp (0.6.1):
    - libwebp/core
  - libwebp/enc (0.6.1):
    - libwebp/core
  - libwebp/mux (0.6.1):
    - libwebp/core
  - libwebp/utils (0.6.1):
    - libwebp/core
  - libwebp/webp (0.6.1)
  - MBProgressHUD (1.1.0)
  - MMSCameraViewController (1.4.0)
  - MMSProfileImagePicker (1.6.0):
    - MMSCameraViewController (~> 1.4.0)
  - nanopb (0.3.901):
    - nanopb/decode (= 0.3.901)
    - nanopb/encode (= 0.3.901)
  - nanopb/decode (0.3.901)
  - nanopb/encode (0.3.901)
  - Protobuf (3.10.0)
  - RangeSeekSlider (1.8.0)
  - RMActionController (1.3.1)
  - RMDateSelectionViewController (2.3.1):
    - RMActionController (~> 1.3.1)
  - SDWebImage/Core (4.3.3)
  - SDWebImage/WebP (4.3.3):
    - libwebp (~> 0.5)
    - SDWebImage/Core
  - TOCropViewController (2.3.8)

DEPENDENCIES:
  - Alamofire (~> 4.7.2)
  - CHIPageControl (~> 0.1.7)
  - Crashlytics (~> 3.10.3)
  - DatePickerDialog
  - DLRadioButton (~> 1.4)
  - EasyTipView (~> 2.0.4)
  - Fabric (~> 1.7.7)
  - FacebookCore
  - FacebookLogin
  - Firebase/Auth (~> 4.4)
  - Firebase/Core (~> 4.0)
  - Firebase/Database (~> 4.1)
  - Firebase/Messaging
  - Firebase/Storage
  - GooglePlaces (~> 2.6.0)
  - IQKeyboardManager (~> 5.0.8)
  - JHTAlertController (~> 0.2.4)
  - JSQMessagesViewController
  - MBProgressHUD (~> 1.1.0)
  - MMSProfileImagePicker
  - RangeSeekSlider (~> 1.8.0)
  - RMDateSelectionViewController (~> 2.3.1)
  - SDWebImage/WebP (~> 4.3.3)
  - TOCropViewController (~> 2.3.6)

SPEC REPOS:
  trunk:
    - Alamofire
    - CHIPageControl
    - Crashlytics
    - DatePickerDialog
    - DLRadioButton
    - EasyTipView
    - Fabric
    - FacebookCore
    - FacebookLogin
    - FBSDKCoreKit
    - FBSDKLoginKit
    - Firebase
    - FirebaseAnalytics
    - FirebaseAuth
    - FirebaseCore
    - FirebaseDatabase
    - FirebaseInstanceID
    - FirebaseMessaging
    - FirebaseStorage
    - GoogleMaps
    - GooglePlaces
    - GoogleToolboxForMac
    - GTMSessionFetcher
    - IQKeyboardManager
    - JHTAlertController
    - JSQMessagesViewController
    - JSQSystemSoundPlayer
    - leveldb-library
    - libwebp
    - MBProgressHUD
    - MMSCameraViewController
    - MMSProfileImagePicker
    - nanopb
    - Protobuf
    - RangeSeekSlider
    - RMActionController
    - RMDateSelectionViewController
    - SDWebImage
    - TOCropViewController

SPEC CHECKSUMS:
  Alamofire: c7287b6e5d7da964a70935e5db17046b7fde6568
  CHIPageControl: 76b35c8309d8dd155e869c109cc6ffc0aaa465ff
  Crashlytics: 55e24fc23989680285a21cb1146578d9d18e432c
  DatePickerDialog: 03dbb8350bfa80302ab2a8c83cee1fec70184444
  DLRadioButton: d7c4e225ed0e8013cef7be61455230c7557ad7c1
  EasyTipView: 4f8beae0a82db2ca4a9b5fd658785fc5f61d296b
  Fabric: 25d0963b691fc97be566392243ff0ecef5a68338
  FacebookCore: ba86524b66cfa86d0f8e65d08faa8504a9f732dd
  FacebookLogin: 6cee9fd6e1fe976fe8f7eec199e27b28b14f5d63
  FBSDKCoreKit: e7dcac0aabcfb09d0166998edd95fe3b05a0ce5d
  FBSDKLoginKit: 1b0cf04df0370b37404213157b060d6666ede814
  Firebase: 5ec5e863d269d82d66b4bf56856726f8fb8f0fb3
  FirebaseAnalytics: 7ef69e76a5142f643aeb47c780e1cdce4e23632e
  FirebaseAuth: bf22cacf22c60ab454bf2636f556d8892b10b53f
  FirebaseCore: 90cb1c53d69b556f112a1bf72b5fcfaad7650790
  FirebaseDatabase: 5f0bc6134c5c237cf55f9e1249d406770a75eafd
  FirebaseInstanceID: 8d20d890d65c917f9f7d9950b6e10a760ad34321
  FirebaseMessaging: 75cdb862e86c30e0913a2ff307e48d49357c5b73
  FirebaseStorage: 0c223481c8f89ed300cf1239ddd2d9833622c65f
  GoogleMaps: 42f91c68b7fa2f84d5c86597b18ceb99f5414c7f
  GooglePlaces: f6ddf33b75cef69e888907d9947c57198ed845f3
  GoogleToolboxForMac: b3553629623a3b1bff17f555e736cd5a6d95ad55
  GTMSessionFetcher: 61bb0f61a4cb560030f1222021178008a5727a23
  IQKeyboardManager: 266cb7b1d11f94a3e71229d77f960f9a1b538e5b
  JHTAlertController: 8999fdf41c60a3d6698a3415ff1448f4ce4680e5
  JSQMessagesViewController: 6587f56aedbcb150a8ba1d968e1ef58b1bc758b7
  JSQSystemSoundPlayer: c5850e77a4363ffd374cd851154b9af93264ed8d
  leveldb-library: 55d93ee664b4007aac644a782d11da33fba316f7
  libwebp: 0f01098c6c17175391af621b2f14150f3ca16e16
  MBProgressHUD: e7baa36a220447d8aeb12769bf0585582f3866d9
  MMSCameraViewController: 2f854543eeba7c0f9824249bda47732d8fd51968
  MMSProfileImagePicker: f3e2201ac11b210295283d04e9ab2587c5f8d830
  nanopb: 2901f78ea1b7b4015c860c2fdd1ea2fee1a18d48
  Protobuf: a4dc852ad69c027ca2166ed287b856697814375b
  RangeSeekSlider: 650b11fa1edcb92e1e0ede797669d98622570fb5
  RMActionController: 535715be9f3d9eb96a838485370dcccee0dda597
  RMDateSelectionViewController: 1157d34245e6a1dda700e8a9c44417321d181951
  SDWebImage: de4d90b5bff3571eae7bd16202b1f43135409fa5
  TOCropViewController: 0a075f02c253e88095143bbac7b013fc6fba5090

PODFILE CHECKSUM: 2b345ef6f0107b70ab63a89744d880743c08ed97

COCOAPODS: 1.8.4
